
Microsoft Visual Studio Solution File, Format Version 12.00
# Visual Studio Version 17
VisualStudioVersion = 17.14.36310.24 d17.14
MinimumVisualStudioVersion = 10.0.40219.1
Project("{FAE04EC0-301F-11D3-BF4B-00C04F79EFBC}") = "APBD_T7_s33596", "APBD_T7_s33596\APBD_T7_s33596.csproj", "{A6211FF7-689E-4223-A3EF-4B04A6FD04AB}"
EndProject
Global
	GlobalSection(SolutionConfigurationPlatforms) = preSolution
		Debug|Any CPU = Debug|Any CPU
		Release|Any CPU = Release|Any CPU
	EndGlobalSection
	GlobalSection(ProjectConfigurationPlatforms) = postSolution
		{A6211FF7-689E-4223-A3EF-4B04A6FD04AB}.Debug|Any CPU.ActiveCfg = Debug|Any CPU
		{A6211FF7-689E-4223-A3EF-4B04A6FD04AB}.Debug|Any CPU.Build.0 = Debug|Any CPU
		{A6211FF7-689E-4223-A3EF-4B04A6FD04AB}.Release|Any CPU.ActiveCfg = Release|Any CPU
		{A6211FF7-689E-4223-A3EF-4B04A6FD04AB}.Release|Any CPU.Build.0 = Release|Any CPU
	EndGlobalSection
	GlobalSection(SolutionProperties) = preSolution
		HideSolutionNode = FALSE
	EndGlobalSection
	GlobalSection(ExtensibilityGlobals) = postSolution
		SolutionGuid = {5D5C84FC-FE43-4476-925C-A9BDD72F9834}
	EndGlobalSection
EndGlobal
